<?xml version="1.0" encoding="utf-8"?>
<Project ToolsVersion="4.0" xmlns="http://schemas.microsoft.com/developer/msbuild/2003">
  <ItemGroup>
    <Filter Include="Resource Files">
      <UniqueIdentifier>{67DA6AB6-F800-4c08-8B7A-83BB121AAD01}</UniqueIdentifier>
      <Extensions>rc;ico;cur;bmp;dlg;rc2;rct;bin;rgs;gif;jpg;jpeg;jpe;resx;tiff;tif;png;wav;mfcribbon-ms</Extensions>
    </Filter>
    <Filter Include="MFC Related">
      <UniqueIdentifier>{8120afd4-1307-4c03-b833-fd65401605e8}</UniqueIdentifier>
    </Filter>
    <Filter Include="Tracker">
      <UniqueIdentifier>{a61ff66d-a898-4139-8d68-9bf1c698a761}</UniqueIdentifier>
    </Filter>
  </ItemGroup>
  <ItemGroup>
    <Text Include="ReadMe.txt" />
  </ItemGroup>
  <ItemGroup>
    <ClInclude Include="GroundTruthMaker.h">
      <Filter>MFC Related</Filter>
    </ClInclude>
    <ClInclude Include="GroundTruthMakerDlg.h">
      <Filter>MFC Related</Filter>
    </ClInclude>
    <ClInclude Include="Resource.h">
      <Filter>MFC Related</Filter>
    </ClInclude>
    <ClInclude Include="stdafx.h">
      <Filter>MFC Related</Filter>
    </ClInclude>
    <ClInclude Include="targetver.h">
      <Filter>MFC Related</Filter>
    </ClInclude>
    <ClInclude Include="fhog.hpp">
      <Filter>Tracker</Filter>
    </ClInclude>
    <ClInclude Include="kcftracker.hpp">
      <Filter>Tracker</Filter>
    </ClInclude>
    <ClInclude Include="labdata.hpp">
      <Filter>Tracker</Filter>
    </ClInclude>
    <ClInclude Include="recttools.hpp">
      <Filter>Tracker</Filter>
    </ClInclude>
    <ClInclude Include="tracker.h">
      <Filter>Tracker</Filter>
    </ClInclude>
    <ClInclude Include="ffttools.hpp">
      <Filter>Tracker</Filter>
    </ClInclude>
  </ItemGroup>
  <ItemGroup>
    <ClCompile Include="GroundTruthMaker.cpp">
      <Filter>MFC Related</Filter>
    </ClCompile>
    <ClCompile Include="GroundTruthMakerDlg.cpp">
      <Filter>MFC Related</Filter>
    </ClCompile>
    <ClCompile Include="stdafx.cpp">
      <Filter>MFC Related</Filter>
    </ClCompile>
    <ClCompile Include="fhog.cpp">
      <Filter>Tracker</Filter>
    </ClCompile>
    <ClCompile Include="kcftracker.cpp">
      <Filter>Tracker</Filter>
    </ClCompile>
    <ClCompile Include="runtracker.cpp">
      <Filter>Tracker</Filter>
    </ClCompile>
  </ItemGroup>
  <ItemGroup>
    <ResourceCompile Include="GroundTruthMaker.rc">
      <Filter>Resource Files</Filter>
    </ResourceCompile>
  </ItemGroup>
  <ItemGroup>
    <None Include="res\GroundTruthMaker.rc2">
      <Filter>Resource Files</Filter>
    </None>
  </ItemGroup>
  <ItemGroup>
    <Image Include="res\GroundTruthMaker.ico">
      <Filter>Resource Files</Filter>
    </Image>
  </ItemGroup>
</Project>